
Microsoft Visual Studio Solution File, Format Version 12.00
# Visual Studio Version 17
VisualStudioVersion = 17.0.31903.59
MinimumVisualStudioVersion = 10.0.40219.1
Project("{2150E333-8FDC-42A3-9474-1A3956D46DE8}") = "src", "src", "{5945A720-087D-4958-9DC6-71AD8151B683}"
EndProject
Project("{FAE04EC0-301F-11D3-BF4B-00C04F79EFBC}") = "WebAPI", "src\WebAPI\WebAPI.csproj", "{B1FB1D17-A7DC-4043-812F-C713CC2D8906}"
EndProject
Project("{FAE04EC0-301F-11D3-BF4B-00C04F79EFBC}") = "Application", "src\Application\Application.csproj", "{ECF6D737-135C-4FF2-9BFC-D11A3094D876}"
EndProject
Project("{FAE04EC0-301F-11D3-BF4B-00C04F79EFBC}") = "Domain", "src\Domain\Domain.csproj", "{BCDEAFED-E530-40A4-96A4-32EFE39AC1E0}"
EndProject
Project("{FAE04EC0-301F-11D3-BF4B-00C04F79EFBC}") = "Infrastructure", "src\Infrastructure\Infrastructure.csproj", "{40632657-B085-4A56-937B-C4CEE86D4440}"
EndProject
Project("{FAE04EC0-301F-11D3-BF4B-00C04F79EFBC}") = "Shared", "src\Shared\Shared.csproj", "{CA6FDFE1-878B-4C34-9022-F8B3BDAB1BD3}"
EndProject
Project("{2150E333-8FDC-42A3-9474-1A3956D46DE8}") = "Tests", "Tests", "{F1A4B1B5-35A3-4635-9B13-AB81C16FCE1D}"
EndProject
Project("{FAE04EC0-301F-11D3-BF4B-00C04F79EFBC}") = "UnitTests", "src\Tests\UnitTests\UnitTests.csproj", "{B86C9F52-6C3F-41F0-832A-DA42BE3E2753}"
EndProject
Project("{FAE04EC0-301F-11D3-BF4B-00C04F79EFBC}") = "IntegrationTests", "src\Tests\IntegrationTests\IntegrationTests.csproj", "{36A06F23-89F4-45AC-A558-4C4F41903154}"
EndProject
Project("{FAE04EC0-301F-11D3-BF4B-00C04F79EFBC}") = "FunctionalTests", "src\Tests\FunctionalTests\FunctionalTests.csproj", "{2423D5AE-0694-4884-BA9E-BD167F10EEAE}"
EndProject
Global
	GlobalSection(SolutionConfigurationPlatforms) = preSolution
		Debug|Any CPU = Debug|Any CPU
		Release|Any CPU = Release|Any CPU
	EndGlobalSection
	GlobalSection(SolutionProperties) = preSolution
		HideSolutionNode = FALSE
	EndGlobalSection
	GlobalSection(ProjectConfigurationPlatforms) = postSolution
		{B1FB1D17-A7DC-4043-812F-C713CC2D8906}.Debug|Any CPU.ActiveCfg = Debug|Any CPU
		{B1FB1D17-A7DC-4043-812F-C713CC2D8906}.Debug|Any CPU.Build.0 = Debug|Any CPU
		{B1FB1D17-A7DC-4043-812F-C713CC2D8906}.Release|Any CPU.ActiveCfg = Release|Any CPU
		{B1FB1D17-A7DC-4043-812F-C713CC2D8906}.Release|Any CPU.Build.0 = Release|Any CPU
		{ECF6D737-135C-4FF2-9BFC-D11A3094D876}.Debug|Any CPU.ActiveCfg = Debug|Any CPU
		{ECF6D737-135C-4FF2-9BFC-D11A3094D876}.Debug|Any CPU.Build.0 = Debug|Any CPU
		{ECF6D737-135C-4FF2-9BFC-D11A3094D876}.Release|Any CPU.ActiveCfg = Release|Any CPU
		{ECF6D737-135C-4FF2-9BFC-D11A3094D876}.Release|Any CPU.Build.0 = Release|Any CPU
		{BCDEAFED-E530-40A4-96A4-32EFE39AC1E0}.Debug|Any CPU.ActiveCfg = Debug|Any CPU
		{BCDEAFED-E530-40A4-96A4-32EFE39AC1E0}.Debug|Any CPU.Build.0 = Debug|Any CPU
		{BCDEAFED-E530-40A4-96A4-32EFE39AC1E0}.Release|Any CPU.ActiveCfg = Release|Any CPU
		{BCDEAFED-E530-40A4-96A4-32EFE39AC1E0}.Release|Any CPU.Build.0 = Release|Any CPU
		{40632657-B085-4A56-937B-C4CEE86D4440}.Debug|Any CPU.ActiveCfg = Debug|Any CPU
		{40632657-B085-4A56-937B-C4CEE86D4440}.Debug|Any CPU.Build.0 = Debug|Any CPU
		{40632657-B085-4A56-937B-C4CEE86D4440}.Release|Any CPU.ActiveCfg = Release|Any CPU
		{40632657-B085-4A56-937B-C4CEE86D4440}.Release|Any CPU.Build.0 = Release|Any CPU
		{CA6FDFE1-878B-4C34-9022-F8B3BDAB1BD3}.Debug|Any CPU.ActiveCfg = Debug|Any CPU
		{CA6FDFE1-878B-4C34-9022-F8B3BDAB1BD3}.Debug|Any CPU.Build.0 = Debug|Any CPU
		{CA6FDFE1-878B-4C34-9022-F8B3BDAB1BD3}.Release|Any CPU.ActiveCfg = Release|Any CPU
		{CA6FDFE1-878B-4C34-9022-F8B3BDAB1BD3}.Release|Any CPU.Build.0 = Release|Any CPU
		{B86C9F52-6C3F-41F0-832A-DA42BE3E2753}.Debug|Any CPU.ActiveCfg = Debug|Any CPU
		{B86C9F52-6C3F-41F0-832A-DA42BE3E2753}.Debug|Any CPU.Build.0 = Debug|Any CPU
		{B86C9F52-6C3F-41F0-832A-DA42BE3E2753}.Release|Any CPU.ActiveCfg = Release|Any CPU
		{B86C9F52-6C3F-41F0-832A-DA42BE3E2753}.Release|Any CPU.Build.0 = Release|Any CPU
		{36A06F23-89F4-45AC-A558-4C4F41903154}.Debug|Any CPU.ActiveCfg = Debug|Any CPU
		{36A06F23-89F4-45AC-A558-4C4F41903154}.Debug|Any CPU.Build.0 = Debug|Any CPU
		{36A06F23-89F4-45AC-A558-4C4F41903154}.Release|Any CPU.ActiveCfg = Release|Any CPU
		{36A06F23-89F4-45AC-A558-4C4F41903154}.Release|Any CPU.Build.0 = Release|Any CPU
		{2423D5AE-0694-4884-BA9E-BD167F10EEAE}.Debug|Any CPU.ActiveCfg = Debug|Any CPU
		{2423D5AE-0694-4884-BA9E-BD167F10EEAE}.Debug|Any CPU.Build.0 = Debug|Any CPU
		{2423D5AE-0694-4884-BA9E-BD167F10EEAE}.Release|Any CPU.ActiveCfg = Release|Any CPU
		{2423D5AE-0694-4884-BA9E-BD167F10EEAE}.Release|Any CPU.Build.0 = Release|Any CPU
	EndGlobalSection
	GlobalSection(NestedProjects) = preSolution
		{B1FB1D17-A7DC-4043-812F-C713CC2D8906} = {5945A720-087D-4958-9DC6-71AD8151B683}
		{ECF6D737-135C-4FF2-9BFC-D11A3094D876} = {5945A720-087D-4958-9DC6-71AD8151B683}
		{BCDEAFED-E530-40A4-96A4-32EFE39AC1E0} = {5945A720-087D-4958-9DC6-71AD8151B683}
		{40632657-B085-4A56-937B-C4CEE86D4440} = {5945A720-087D-4958-9DC6-71AD8151B683}
		{CA6FDFE1-878B-4C34-9022-F8B3BDAB1BD3} = {5945A720-087D-4958-9DC6-71AD8151B683}
		{F1A4B1B5-35A3-4635-9B13-AB81C16FCE1D} = {5945A720-087D-4958-9DC6-71AD8151B683}
		{B86C9F52-6C3F-41F0-832A-DA42BE3E2753} = {F1A4B1B5-35A3-4635-9B13-AB81C16FCE1D}
		{36A06F23-89F4-45AC-A558-4C4F41903154} = {F1A4B1B5-35A3-4635-9B13-AB81C16FCE1D}
		{2423D5AE-0694-4884-BA9E-BD167F10EEAE} = {F1A4B1B5-35A3-4635-9B13-AB81C16FCE1D}
	EndGlobalSection
EndGlobal
